// !$*UTF8*$!
{
	archiveVersion = 1;
	classes = {
	};
	objectVersion = 46;
	objects = {

/* Begin PBXBuildFile section */
		C08634951EE540060007F76C /* AppDelegate.swift in Sources */ = {isa = PBXBuildFile; fileRef = C08634941EE540060007F76C /* AppDelegate.swift */; };
		C08634971EE540060007F76C /* ViewController.swift in Sources */ = {isa = PBXBuildFile; fileRef = C08634961EE540060007F76C /* ViewController.swift */; };
		C086349A1EE540060007F76C /* Main.storyboard in Resources */ = {isa = PBXBuildFile; fileRef = C08634981EE540060007F76C /* Main.storyboard */; };
		C086349C1EE540060007F76C /* Assets.xcassets in Resources */ = {isa = PBXBuildFile; fileRef = C086349B1EE540060007F76C /* Assets.xcassets */; };
		C086349F1EE540060007F76C /* LaunchScreen.storyboard in Resources */ = {isa = PBXBuildFile; fileRef = C086349D1EE540060007F76C /* LaunchScreen.storyboard */; };
		C08634AA1EE540060007F76C /* MotionTrialTests.swift in Sources */ = {isa = PBXBuildFile; fileRef = C08634A91EE540060007F76C /* MotionTrialTests.swift */; };
		C08634B51EE540060007F76C /* MotionTrialUITests.swift in Sources */ = {isa = PBXBuildFile; fileRef = C08634B41EE540060007F76C /* MotionTrialUITests.swift */; };
/* End PBXBuildFile section */

/* Begin PBXContainerItemProxy section */
		C08634A61EE540060007F76C /* PBXContainerItemProxy */ = {
			isa = PBXContainerItemProxy;
			containerPortal = C08634891EE540060007F76C /* Project object */;
			proxyType = 1;
			remoteGlobalIDString = C08634901EE540060007F76C;
			remoteInfo = MotionTrial;
		};
		C08634B11EE540060007F76C /* PBXContainerItemProxy */ = {
			isa = PBXContainerItemProxy;
			containerPortal = C08634891EE540060007F76C /* Project object */;
			proxyType = 1;
			remoteGlobalIDString = C08634901EE540060007F76C;
			remoteInfo = MotionTrial;
		};
/* End PBXContainerItemProxy section */

/* Begin PBXFileReference section */
		C08634911EE540060007F76C /* MotionTrial.app */ = {isa = PBXFileReference; explicitFileType = wrapper.application; includeInIndex = 0; path = MotionTrial.app; sourceTree = BUILT_PRODUCTS_DIR; };
		C08634941EE540060007F76C /* AppDelegate.swift */ = {isa = PBXFileReference; lastKnownFileType = sourcecode.swift; path = AppDelegate.swift; sourceTree = "<group>"; };
		C08634961EE540060007F76C /* ViewController.swift */ = {isa = PBXFileReference; lastKnownFileType = sourcecode.swift; path = ViewController.swift; sourceTree = "<group>"; };
		C08634991EE540060007F76C /* Base */ = {isa = PBXFileReference; lastKnownFileType = file.storyboard; name = Base; path = Base.lproj/Main.storyboard; sourceTree = "<group>"; };
		C086349B1EE540060007F76C /* Assets.xcassets */ = {isa = PBXFileReference; lastKnownFileType = folder.assetcatalog; path = Assets.xcassets; sourceTree = "<group>"; };
		C086349E1EE540060007F76C /* Base */ = {isa = PBXFileReference; lastKnownFileType = file.storyboard; name = Base; path = Base.lproj/LaunchScreen.storyboard; sourceTree = "<group>"; };
		C08634A01EE540060007F76C /* Info.plist */ = {isa = PBXFileReference; lastKnownFileType = text.plist.xml; path = Info.plist; sourceTree = "<group>"; };
		C08634A51EE540060007F76C /* MotionTrialTests.xctest */ = {isa = PBXFileReference; explicitFileType = wrapper.cfbundle; includeInIndex = 0; path = MotionTrialTests.xctest; sourceTree = BUILT_PRODUCTS_DIR; };
		C08634A91EE540060007F76C /* MotionTrialTests.swift */ = {isa = PBXFileReference; lastKnownFileType = sourcecode.swift; path = MotionTrialTests.swift; sourceTree = "<group>"; };
		C08634AB1EE540060007F76C /* Info.plist */ = {isa = PBXFileReference; lastKnownFileType = text.plist.xml; path = Info.plist; sourceTree = "<group>"; };
		C08634B01EE540060007F76C /* MotionTrialUITests.xctest */ = {isa = PBXFileReference; explicitFileType = wrapper.cfbundle; includeInIndex = 0; path = MotionTrialUITests.xctest; sourceTree = BUILT_PRODUCTS_DIR; };
		C08634B41EE540060007F76C /* MotionTrialUITests.swift */ = {isa = PBXFileReference; lastKnownFileType = sourcecode.swift; path = MotionTrialUITests.swift; sourceTree = "<group>"; };
		C08634B61EE540060007F76C /* Info.plist */ = {isa = PBXFileReference; lastKnownFileType = text.plist.xml; path = Info.plist; sourceTree = "<group>"; };
/* End PBXFileReference section */

/* Begin PBXFrameworksBuildPhase section */
		C086348E1EE540060007F76C /* Frameworks */ = {
			isa = PBXFrameworksBuildPhase;
			buildActionMask = 2147483647;
			files = (
			);
			runOnlyForDeploymentPostprocessing = 0;
		};
		C08634A21EE540060007F76C /* Frameworks */ = {
			isa = PBXFrameworksBuildPhase;
			buildActionMask = 2147483647;
			files = (
			);
			runOnlyForDeploymentPostprocessing = 0;
		};
		C08634AD1EE540060007F76C /* Frameworks */ = {
			isa = PBXFrameworksBuildPhase;
			buildActionMask = 2147483647;
			files = (
			);
			runOnlyForDeploymentPostprocessing = 0;
		};
/* End PBXFrameworksBuildPhase section */

/* Begin PBXGroup section */
		C08634881EE540060007F76C = {
			isa = PBXGroup;
			children = (
				C08634931EE540060007F76C /* MotionTrial */,
				C08634A81EE540060007F76C /* MotionTrialTests */,
				C08634B31EE540060007F76C /* MotionTrialUITests */,
				C08634921EE540060007F76C /* Products */,
			);
			sourceTree = "<group>";
		};
		C08634921EE540060007F76C /* Products */ = {
			isa = PBXGroup;
			children = (
				C08634911EE540060007F76C /* MotionTrial.app */,
				C08634A51EE540060007F76C /* MotionTrialTests.xctest */,
				C08634B01EE540060007F76C /* MotionTrialUITests.xctest */,
			);
			name = Products;
			sourceTree = "<group>";
		};
		C08634931EE540060007F76C /* MotionTrial */ = {
			isa = PBXGroup;
			children = (
				C08634941EE540060007F76C /* AppDelegate.swift */,
				C08634961EE540060007F76C /* ViewController.swift */,
				C08634981EE540060007F76C /* Main.storyboard */,
				C086349B1EE540060007F76C /* Assets.xcassets */,
				C086349D1EE540060007F76C /* LaunchScreen.storyboard */,
				C08634A01EE540060007F76C /* Info.plist */,
			);
			path = MotionTrial;
			sourceTree = "<group>";
		};
		C08634A81EE540060007F76C /* MotionTrialTests */ = {
			isa = PBXGroup;
			children = (
				C08634A91EE540060007F76C /* MotionTrialTests.swift */,
				C08634AB1EE540060007F76C /* Info.plist */,
			);
			path = MotionTrialTests;
			sourceTree = "<group>";
		};
		C08634B31EE540060007F76C /* MotionTrialUITests */ = {
			isa = PBXGroup;
			children = (
				C08634B41EE540060007F76C /* MotionTrialUITests.swift */,
				C08634B61EE540060007F76C /* Info.plist */,
			);
			path = MotionTrialUITests;
			sourceTree = "<group>";
		};
/* End PBXGroup section */

/* Begin PBXNativeTarget section */
		C08634901EE540060007F76C /* MotionTrial */ = {
			isa = PBXNativeTarget;
			buildConfigurationList = C08634B91EE540060007F76C /* Build configuration list for PBXNativeTarget "MotionTrial" */;
			buildPhases = (
				C086348D1EE540060007F76C /* Sources */,
				C086348E1EE540060007F76C /* Frameworks */,
				C086348F1EE540060007F76C /* Resources */,
			);
			buildRules = (
			);
			dependencies = (
			);
			name = MotionTrial;
			productName = MotionTrial;
			productReference = C08634911EE540060007F76C /* MotionTrial.app */;
			productType = "com.apple.product-type.application";
		};
		C08634A41EE540060007F76C /* MotionTrialTests */ = {
			isa = PBXNativeTarget;
			buildConfigurationList = C08634BC1EE540060007F76C /* Build configuration list for PBXNativeTarget "MotionTrialTests" */;
			buildPhases = (
				C08634A11EE540060007F76C /* Sources */,
				C08634A21EE540060007F76C /* Frameworks */,
				C08634A31EE540060007F76C /* Resources */,
			);
			buildRules = (
			);
			dependencies = (
				C08634A71EE540060007F76C /* PBXTargetDependency */,
			);
			name = MotionTrialTests;
			productName = MotionTrialTests;
			productReference = C08634A51EE540060007F76C /* MotionTrialTests.xctest */;
			productType = "com.apple.product-type.bundle.unit-test";
		};
		C08634AF1EE540060007F76C /* MotionTrialUITests */ = {
			isa = PBXNativeTarget;
			buildConfigurationList = C08634BF1EE540060007F76C /* Build configuration list for PBXNativeTarget "MotionTrialUITests" */;
			buildPhases = (
				C08634AC1EE540060007F76C /* Sources */,
				C08634AD1EE540060007F76C /* Frameworks */,
				C08634AE1EE540060007F76C /* Resources */,
			);
			buildRules = (
			);
			dependencies = (
				C08634B21EE540060007F76C /* PBXTargetDependency */,
			);
			name = MotionTrialUITests;
			productName = MotionTrialUITests;
			productReference = C08634B01EE540060007F76C /* MotionTrialUITests.xctest */;
			productType = "com.apple.product-type.bundle.ui-testing";
		};
/* End PBXNativeTarget section */

/* Begin PBXProject section */
		C08634891EE540060007F76C /* Project object */ = {
			isa = PBXProject;
			attributes = {
				LastSwiftUpdateCheck = 0830;
				LastUpgradeCheck = 0830;
				ORGANIZATIONNAME = colorbox;
				TargetAttributes = {
					C08634901EE540060007F76C = {
						CreatedOnToolsVersion = 8.3.2;
						DevelopmentTeam = 8NY8PHM374;
						ProvisioningStyle = Automatic;
					};
					C08634A41EE540060007F76C = {
						CreatedOnToolsVersion = 8.3.2;
						DevelopmentTeam = 8NY8PHM374;
						ProvisioningStyle = Automatic;
						TestTargetID = C08634901EE540060007F76C;
					};
					C08634AF1EE540060007F76C = {
						CreatedOnToolsVersion = 8.3.2;
						DevelopmentTeam = 8NY8PHM374;
						ProvisioningStyle = Automatic;
						TestTargetID = C08634901EE540060007F76C;
					};
				};
			};
			buildConfigurationList = C086348C1EE540060007F76C /* Build configuration list for PBXProject "MotionTrial" */;
			compatibilityVersion = "Xcode 3.2";
			developmentRegion = English;
			hasScannedForEncodings = 0;
			knownRegions = (
				en,
				Base,
			);
			mainGroup = C08634881EE540060007F76C;
			productRefGroup = C08634921EE540060007F76C /* Products */;
			projectDirPath = "";
			projectRoot = "";
			targets = (
				C08634901EE540060007F76C /* MotionTrial */,
				C08634A41EE540060007F76C /* MotionTrialTests */,
				C08634AF1EE540060007F76C /* MotionTrialUITests */,
			);
		};
/* End PBXProject section */

/* Begin PBXResourcesBuildPhase section */
		C086348F1EE540060007F76C /* Resources */ = {
			isa = PBXResourcesBuildPhase;
			buildActionMask = 2147483647;
			files = (
				C086349F1EE540060007F76C /* LaunchScreen.storyboard in Resources */,
				C086349C1EE540060007F76C /* Assets.xcassets in Resources */,
				C086349A1EE540060007F76C /* Main.storyboard in Resources */,
			);
			runOnlyForDeploymentPostprocessing = 0;
		};
		C08634A31EE540060007F76C /* Resources */ = {
			isa = PBXResourcesBuildPhase;
			buildActionMask = 2147483647;
			files = (
			);
			runOnlyForDeploymentPostprocessing = 0;
		};
		C08634AE1EE540060007F76C /* Resources */ = {
			isa = PBXResourcesBuildPhase;
			buildActionMask = 2147483647;
			files = (
			);
			runOnlyForDeploymentPostprocessing = 0;
		};
/* End PBXResourcesBuildPhase section */

/* Begin PBXSourcesBuildPhase section */
		C086348D1EE540060007F76C /* Sources */ = {
			isa = PBXSourcesBuildPhase;
			buildActionMask = 2147483647;
			files = (
				C08634971EE540060007F76C /* ViewController.swift in Sources */,
				C08634951EE540060007F76C /* AppDelegate.swift in Sources */,
			);
			runOnlyForDeploymentPostprocessing = 0;
		};
		C08634A11EE540060007F76C /* Sources */ = {
			isa = PBXSourcesBuildPhase;
			buildActionMask = 2147483647;
			files = (
				C08634AA1EE540060007F76C /* MotionTrialTests.swift in Sources */,
			);
			runOnlyForDeploymentPostprocessing = 0;
		};
		C08634AC1EE540060007F76C /* Sources */ = {
			isa = PBXSourcesBuildPhase;
			buildActionMask = 2147483647;
			files = (
				C08634B51EE540060007F76C /* MotionTrialUITests.swift in Sources */,
			);
			runOnlyForDeploymentPostprocessing = 0;
		};
/* End PBXSourcesBuildPhase section */

/* Begin PBXTargetDependency section */
		C08634A71EE540060007F76C /* PBXTargetDependency */ = {
			isa = PBXTargetDependency;
			target = C08634901EE540060007F76C /* MotionTrial */;
			targetProxy = C08634A61EE540060007F76C /* PBXContainerItemProxy */;
		};
		C08634B21EE540060007F76C /* PBXTargetDependency */ = {
			isa = PBXTargetDependency;
			target = C08634901EE540060007F76C /* MotionTrial */;
			targetProxy = C08634B11EE540060007F76C /* PBXContainerItemProxy */;
		};
/* End PBXTargetDependency section */

/* Begin PBXVariantGroup section */
		C08634981EE540060007F76C /* Main.storyboard */ = {
			isa = PBXVariantGroup;
			children = (
				C08634991EE540060007F76C /* Base */,
			);
			name = Main.storyboard;
			sourceTree = "<group>";
		};
		C086349D1EE540060007F76C /* LaunchScreen.storyboard */ = {
			isa = PBXVariantGroup;
			children = (
				C086349E1EE540060007F76C /* Base */,
			);
			name = LaunchScreen.storyboard;
			sourceTree = "<group>";
		};
/* End PBXVariantGroup section */

/* Begin XCBuildConfiguration section */
		C08634B71EE540060007F76C /* Debug */ = {
			isa = XCBuildConfiguration;
			buildSettings = {
				ALWAYS_SEARCH_USER_PATHS = NO;
				CLANG_ANALYZER_NONNULL = YES;
				CLANG_ANALYZER_NUMBER_OBJECT_CONVERSION = YES_AGGRESSIVE;
				CLANG_CXX_LANGUAGE_STANDARD = "gnu++0x";
				CLANG_CXX_LIBRARY = "libc++";
				CLANG_ENABLE_MODULES = YES;
				CLANG_ENABLE_OBJC_ARC = YES;
				CLANG_WARN_BOOL_CONVERSION = YES;
				CLANG_WARN_CONSTANT_CONVERSION = YES;
				CLANG_WARN_DIRECT_OBJC_ISA_USAGE = YES_ERROR;
				CLANG_WARN_DOCUMENTATION_COMMENTS = YES;
				CLANG_WARN_EMPTY_BODY = YES;
				CLANG_WARN_ENUM_CONVERSION = YES;
				CLANG_WARN_INFINITE_RECURSION = YES;
				CLANG_WARN_INT_CONVERSION = YES;
				CLANG_WARN_OBJC_ROOT_CLASS = YES_ERROR;
				CLANG_WARN_SUSPICIOUS_MOVE = YES;
				CLANG_WARN_UNREACHABLE_CODE = YES;
				CLANG_WARN__DUPLICATE_METHOD_MATCH = YES;
				"CODE_SIGN_IDENTITY[sdk=iphoneos*]" = "iPhone Developer";
				COPY_PHASE_STRIP = NO;
				DEBUG_INFORMATION_FORMAT = dwarf;
				ENABLE_STRICT_OBJC_MSGSEND = YES;
				ENABLE_TESTABILITY = YES;
				GCC_C_LANGUAGE_STANDARD = gnu99;
				GCC_DYNAMIC_NO_PIC = NO;
				GCC_NO_COMMON_BLOCKS = YES;
				GCC_OPTIMIZATION_LEVEL = 0;
				GCC_PREPROCESSOR_DEFINITIONS = (
					"DEBUG=1",
					"$(inherited)",
				);
				GCC_WARN_64_TO_32_BIT_CONVERSION = YES;
				GCC_WARN_ABOUT_RETURN_TYPE = YES_ERROR;
				GCC_WARN_UNDECLARED_SELECTOR = YES;
				GCC_WARN_UNINITIALIZED_AUTOS = YES_AGGRESSIVE;
				GCC_WARN_UNUSED_FUNCTION = YES;
				GCC_WARN_UNUSED_VARIABLE = YES;
				IPHONEOS_DEPLOYMENT_TARGET = 10.3;
				MTL_ENABLE_DEBUG_INFO = YES;
				ONLY_ACTIVE_ARCH = YES;
				SDKROOT = iphoneos;
				SWIFT_ACTIVE_COMPILATION_CONDITIONS = DEBUG;
				SWIFT_OPTIMIZATION_LEVEL = "-Onone";
			};
			name = Debug;
		};
		C08634B81EE540060007F76C /* Release */ = {
			isa = XCBuildConfiguration;
			buildSettings = {
				ALWAYS_SEARCH_USER_PATHS = NO;
				CLANG_ANALYZER_NONNULL = YES;
				CLANG_ANALYZER_NUMBER_OBJECT_CONVERSION = YES_AGGRESSIVE;
				CLANG_CXX_LANGUAGE_STANDARD = "gnu++0x";
				CLANG_CXX_LIBRARY = "libc++";
				CLANG_ENABLE_MODULES = YES;
				CLANG_ENABLE_OBJC_ARC = YES;
				CLANG_WARN_BOOL_CONVERSION = YES;
				CLANG_WARN_CONSTANT_CONVERSION = YES;
				CLANG_WARN_DIRECT_OBJC_ISA_USAGE = YES_ERROR;
				CLANG_WARN_DOCUMENTATION_COMMENTS = YES;
				CLANG_WARN_EMPTY_BODY = YES;
				CLANG_WARN_ENUM_CONVERSION = YES;
				CLANG_WARN_INFINITE_RECURSION = YES;
				CLANG_WARN_INT_CONVERSION = YES;
				CLANG_WARN_OBJC_ROOT_CLASS = YES_ERROR;
				CLANG_WARN_SUSPICIOUS_MOVE = YES;
				CLANG_WARN_UNREACHABLE_CODE = YES;
				CLANG_WARN__DUPLICATE_METHOD_MATCH = YES;
				"CODE_SIGN_IDENTITY[sdk=iphoneos*]" = "iPhone Developer";
				COPY_PHASE_STRIP = NO;
				DEBUG_INFORMATION_FORMAT = "dwarf-with-dsym";
				ENABLE_NS_ASSERTIONS = NO;
				ENABLE_STRICT_OBJC_MSGSEND = YES;
				GCC_C_LANGUAGE_STANDARD = gnu99;
				GCC_NO_COMMON_BLOCKS = YES;
				GCC_WARN_64_TO_32_BIT_CONVERSION = YES;
				GCC_WARN_ABOUT_RETURN_TYPE = YES_ERROR;
				GCC_WARN_UNDECLARED_SELECTOR = YES;
				GCC_WARN_UNINITIALIZED_AUTOS = YES_AGGRESSIVE;
				GCC_WARN_UNUSED_FUNCTION = YES;
				GCC_WARN_UNUSED_VARIABLE = YES;
				IPHONEOS_DEPLOYMENT_TARGET = 10.3;
				MTL_ENABLE_DEBUG_INFO = NO;
				SDKROOT = iphoneos;
				SWIFT_OPTIMIZATION_LEVEL = "-Owholemodule";
				VALIDATE_PRODUCT = YES;
			};
			name = Release;
		};
		C08634BA1EE540060007F76C /* Debug */ = {
			isa = XCBuildConfiguration;
			buildSettings = {
				ASSETCATALOG_COMPILER_APPICON_NAME = AppIcon;
				DEVELOPMENT_TEAM = 8NY8PHM374;
				INFOPLIST_FILE = MotionTrial/Info.plist;
				LD_RUNPATH_SEARCH_PATHS = "$(inherited) @executable_path/Frameworks";
				PRODUCT_BUNDLE_IDENTIFIER = colorboxstudio.MotionTrial;
				PRODUCT_NAME = "$(TARGET_NAME)";
				SWIFT_VERSION = 3.0;
			};
			name = Debug;
		};
		C08634BB1EE540060007F76C /* Release */ = {
			isa = XCBuildConfiguration;
			buildSettings = {
				ASSETCATALOG_COMPILER_APPICON_NAME = AppIcon;
				DEVELOPMENT_TEAM = 8NY8PHM374;
				INFOPLIST_FILE = MotionTrial/Info.plist;
				LD_RUNPATH_SEARCH_PATHS = "$(inherited) @executable_path/Frameworks";
				PRODUCT_BUNDLE_IDENTIFIER = colorboxstudio.MotionTrial;
				PRODUCT_NAME = "$(TARGET_NAME)";
				SWIFT_VERSION = 3.0;
			};
			name = Release;
		};
		C08634BD1EE540060007F76C /* Debug */ = {
			isa = XCBuildConfiguration;
			buildSettings = {
				ALWAYS_EMBED_SWIFT_STANDARD_LIBRARIES = YES;
				BUNDLE_LOADER = "$(TEST_HOST)";
				DEVELOPMENT_TEAM = 8NY8PHM374;
				INFOPLIST_FILE = MotionTrialTests/Info.plist;
				LD_RUNPATH_SEARCH_PATHS = "$(inherited) @executable_path/Frameworks @loader_path/Frameworks";
				PRODUCT_BUNDLE_IDENTIFIER = colorboxstudio.MotionTrialTests;
				PRODUCT_NAME = "$(TARGET_NAME)";
				SWIFT_VERSION = 3.0;
				TEST_HOST = "$(BUILT_PRODUCTS_DIR)/MotionTrial.app/MotionTrial";
			};
			name = Debug;
		};
		C08634BE1EE540060007F76C /* Release */ = {
			isa = XCBuildConfiguration;
			buildSettings = {
				ALWAYS_EMBED_SWIFT_STANDARD_LIBRARIES = YES;
				BUNDLE_LOADER = "$(TEST_HOST)";
				DEVELOPMENT_TEAM = 8NY8PHM374;
				INFOPLIST_FILE = MotionTrialTests/Info.plist;
				LD_RUNPATH_SEARCH_PATHS = "$(inherited) @executable_path/Frameworks @loader_path/Frameworks";
				PRODUCT_BUNDLE_IDENTIFIER = colorboxstudio.MotionTrialTests;
				PRODUCT_NAME = "$(TARGET_NAME)";
				SWIFT_VERSION = 3.0;
				TEST_HOST = "$(BUILT_PRODUCTS_DIR)/MotionTrial.app/MotionTrial";
			};
			name = Release;
		};
		C08634C01EE540060007F76C /* Debug */ = {
			isa = XCBuildConfiguration;
			buildSettings = {
				ALWAYS_EMBED_SWIFT_STANDARD_LIBRARIES = YES;
				DEVELOPMENT_TEAM = 8NY8PHM374;
				INFOPLIST_FILE = MotionTrialUITests/Info.plist;
				LD_RUNPATH_SEARCH_PATHS = "$(inherited) @executable_path/Frameworks @loader_path/Frameworks";
				PRODUCT_BUNDLE_IDENTIFIER = colorboxstudio.MotionTrialUITests;
				PRODUCT_NAME = "$(TARGET_NAME)";
				SWIFT_VERSION = 3.0;
				TEST_TARGET_NAME = MotionTrial;
			};
			name = Debug;
		};
		C08634C11EE540060007F76C /* Release */ = {
			isa = XCBuildConfiguration;
			buildSettings = {
				ALWAYS_EMBED_SWIFT_STANDARD_LIBRARIES = YES;
				DEVELOPMENT_TEAM = 8NY8PHM374;
				INFOPLIST_FILE = MotionTrialUITests/Info.plist;
				LD_RUNPATH_SEARCH_PATHS = "$(inherited) @executable_path/Frameworks @loader_path/Frameworks";
				PRODUCT_BUNDLE_IDENTIFIER = colorboxstudio.MotionTrialUITests;
				PRODUCT_NAME = "$(TARGET_NAME)";
				SWIFT_VERSION = 3.0;
				TEST_TARGET_NAME = MotionTrial;
			};
			name = Release;
		};
/* End XCBuildConfiguration section */

/* Begin XCConfigurationList section */
		C086348C1EE540060007F76C /* Build configuration list for PBXProject "MotionTrial" */ = {
			isa = XCConfigurationList;
			buildConfigurations = (
				C08634B71EE540060007F76C /* Debug */,
				C08634B81EE540060007F76C /* Release */,
			);
			defaultConfigurationIsVisible = 0;
			defaultConfigurationName = Release;
		};
		C08634B91EE540060007F76C /* Build configuration list for PBXNativeTarget "MotionTrial" */ = {
			isa = XCConfigurationList;
			buildConfigurations = (
				C08634BA1EE540060007F76C /* Debug */,
				C08634BB1EE540060007F76C /* Release */,
			);
			defaultConfigurationIsVisible = 0;
		};
		C08634BC1EE540060007F76C /* Build configuration list for PBXNativeTarget "MotionTrialTests" */ = {
			isa = XCConfigurationList;
			buildConfigurations = (
				C08634BD1EE540060007F76C /* Debug */,
				C08634BE1EE540060007F76C /* Release */,
			);
			defaultConfigurationIsVisible = 0;
		};
		C08634BF1EE540060007F76C /* Build configuration list for PBXNativeTarget "MotionTrialUITests" */ = {
			isa = XCConfigurationList;
			buildConfigurations = (
				C08634C01EE540060007F76C /* Debug */,
				C08634C11EE540060007F76C /* Release */,
			);
			defaultConfigurationIsVisible = 0;
		};
/* End XCConfigurationList section */
	};
	rootObject = C08634891EE540060007F76C /* Project object */;
}
